Microsoft Visual Studio Solution File, Format Version 12.00
# Visual Studio Version 17
VisualStudioVersion = 17.8.34330.188
MinimumVisualStudioVersion = 10.0.40219.1
Project("{FAE04EC0-301F-11D3-BF4B-00C04F79EFBC}") = "EmployeeApi", "src/EmployeeApi/EmployeeApi.csproj", "{B6D2B2BB-2194-4D28-9C90-0C90A6C1BE2B}"
EndProject
Project("{FAE04EC0-301F-11D3-BF4B-00C04F79EFBC}") = "EmployeeApi.Tests", "tests/EmployeeApi.Tests/EmployeeApi.Tests.csproj", "{6F2583F6-8C10-4B9A-9E96-60AF9E9B2C35}"
EndProject
Global
	GlobalSection(SolutionConfigurationPlatforms) = preSolution
		Debug|Any CPU = Debug|Any CPU
		Release|Any CPU = Release|Any CPU
	EndGlobalSection
	GlobalSection(ProjectConfigurationPlatforms) = postSolution
		{B6D2B2BB-2194-4D28-9C90-0C90A6C1BE2B}.Debug|Any CPU.ActiveCfg = Debug|Any CPU
		{B6D2B2BB-2194-4D28-9C90-0C90A6C1BE2B}.Debug|Any CPU.Build.0 = Debug|Any CPU
		{B6D2B2BB-2194-4D28-9C90-0C90A6C1BE2B}.Release|Any CPU.ActiveCfg = Release|Any CPU
		{B6D2B2BB-2194-4D28-9C90-0C90A6C1BE2B}.Release|Any CPU.Build.0 = Release|Any CPU
		{6F2583F6-8C10-4B9A-9E96-60AF9E9B2C35}.Debug|Any CPU.ActiveCfg = Debug|Any CPU
		{6F2583F6-8C10-4B9A-9E96-60AF9E9B2C35}.Debug|Any CPU.Build.0 = Debug|Any CPU
		{6F2583F6-8C10-4B9A-9E96-60AF9E9B2C35}.Release|Any CPU.ActiveCfg = Release|Any CPU
		{6F2583F6-8C10-4B9A-9E96-60AF9E9B2C35}.Release|Any CPU.Build.0 = Release|Any CPU
	EndGlobalSection
EndGlobal
